// !$*UTF8*$!
{
	archiveVersion = 1;
	classes = {
	};
	objectVersion = 46;
	objects = {

/* Begin PBXBuildFile section */
		D6682E8B1B3836E500D4231A /* String+RegEx.swift in Sources */ = {isa = PBXBuildFile; fileRef = D6682E8A1B3836E500D4231A /* String+RegEx.swift */; };
		D6682E8C1B3843C300D4231A /* RLOperator.swift in Sources */ = {isa = PBXBuildFile; fileRef = D6E088AF1B35F0AA00C22885 /* RLOperator.swift */; };
		D6682E8D1B3843C700D4231A /* String+RegEx.swift in Sources */ = {isa = PBXBuildFile; fileRef = D6682E8A1B3836E500D4231A /* String+RegEx.swift */; };
		D6E088891B357D6500C22885 /* AppDelegate.swift in Sources */ = {isa = PBXBuildFile; fileRef = D6E088881B357D6500C22885 /* AppDelegate.swift */; };
		D6E0888B1B357D6500C22885 /* ViewController.swift in Sources */ = {isa = PBXBuildFile; fileRef = D6E0888A1B357D6500C22885 /* ViewController.swift */; };
		D6E0888E1B357D6500C22885 /* Main.storyboard in Resources */ = {isa = PBXBuildFile; fileRef = D6E0888C1B357D6500C22885 /* Main.storyboard */; };
		D6E088901B357D6500C22885 /* Images.xcassets in Resources */ = {isa = PBXBuildFile; fileRef = D6E0888F1B357D6500C22885 /* Images.xcassets */; };
		D6E088931B357D6500C22885 /* LaunchScreen.xib in Resources */ = {isa = PBXBuildFile; fileRef = D6E088911B357D6500C22885 /* LaunchScreen.xib */; };
		D6E0889F1B357D6500C22885 /* RLRegExTests.swift in Sources */ = {isa = PBXBuildFile; fileRef = D6E0889E1B357D6500C22885 /* RLRegExTests.swift */; };
		D6E088A91B357D9100C22885 /* RLRegExTest.swift in Sources */ = {isa = PBXBuildFile; fileRef = D6E088A81B357D9100C22885 /* RLRegExTest.swift */; };
		D6E088AD1B35EF2000C22885 /* RLMatch.swift in Sources */ = {isa = PBXBuildFile; fileRef = D6E088AB1B35EF2000C22885 /* RLMatch.swift */; };
		D6E088AE1B35EF2000C22885 /* String+extension.swift in Sources */ = {isa = PBXBuildFile; fileRef = D6E088AC1B35EF2000C22885 /* String+extension.swift */; };
		D6E088B01B35F0AA00C22885 /* RLOperator.swift in Sources */ = {isa = PBXBuildFile; fileRef = D6E088AF1B35F0AA00C22885 /* RLOperator.swift */; };
		D6E088B11B35F82200C22885 /* RLMatch.swift in Sources */ = {isa = PBXBuildFile; fileRef = D6E088AB1B35EF2000C22885 /* RLMatch.swift */; };
		D6E088B21B35F82700C22885 /* String+extension.swift in Sources */ = {isa = PBXBuildFile; fileRef = D6E088AC1B35EF2000C22885 /* String+extension.swift */; };
/* End PBXBuildFile section */

/* Begin PBXContainerItemProxy section */
		D6E088991B357D6500C22885 /* PBXContainerItemProxy */ = {
			isa = PBXContainerItemProxy;
			containerPortal = D6E0887B1B357D6500C22885 /* Project object */;
			proxyType = 1;
			remoteGlobalIDString = D6E088821B357D6500C22885;
			remoteInfo = RLRegEx;
		};
/* End PBXContainerItemProxy section */

/* Begin PBXFileReference section */
		D6682E8A1B3836E500D4231A /* String+RegEx.swift */ = {isa = PBXFileReference; fileEncoding = 4; lastKnownFileType = sourcecode.swift; path = "String+RegEx.swift"; sourceTree = "<group>"; };
		D6E088831B357D6500C22885 /* RLRegEx.app */ = {isa = PBXFileReference; explicitFileType = wrapper.application; includeInIndex = 0; path = RLRegEx.app; sourceTree = BUILT_PRODUCTS_DIR; };
		D6E088871B357D6500C22885 /* Info.plist */ = {isa = PBXFileReference; lastKnownFileType = text.plist.xml; path = Info.plist; sourceTree = "<group>"; };
		D6E088881B357D6500C22885 /* AppDelegate.swift */ = {isa = PBXFileReference; lastKnownFileType = sourcecode.swift; path = AppDelegate.swift; sourceTree = "<group>"; };
		D6E0888A1B357D6500C22885 /* ViewController.swift */ = {isa = PBXFileReference; lastKnownFileType = sourcecode.swift; path = ViewController.swift; sourceTree = "<group>"; };
		D6E0888D1B357D6500C22885 /* Base */ = {isa = PBXFileReference; lastKnownFileType = file.storyboard; name = Base; path = Base.lproj/Main.storyboard; sourceTree = "<group>"; };
		D6E0888F1B357D6500C22885 /* Images.xcassets */ = {isa = PBXFileReference; lastKnownFileType = folder.assetcatalog; path = Images.xcassets; sourceTree = "<group>"; };
		D6E088921B357D6500C22885 /* Base */ = {isa = PBXFileReference; lastKnownFileType = file.xib; name = Base; path = Base.lproj/LaunchScreen.xib; sourceTree = "<group>"; };
		D6E088981B357D6500C22885 /* RLRegExTests.xctest */ = {isa = PBXFileReference; explicitFileType = wrapper.cfbundle; includeInIndex = 0; path = RLRegExTests.xctest; sourceTree = BUILT_PRODUCTS_DIR; };
		D6E0889D1B357D6500C22885 /* Info.plist */ = {isa = PBXFileReference; lastKnownFileType = text.plist.xml; path = Info.plist; sourceTree = "<group>"; };
		D6E0889E1B357D6500C22885 /* RLRegExTests.swift */ = {isa = PBXFileReference; lastKnownFileType = sourcecode.swift; path = RLRegExTests.swift; sourceTree = "<group>"; };
		D6E088A81B357D9100C22885 /* RLRegExTest.swift */ = {isa = PBXFileReference; fileEncoding = 4; lastKnownFileType = sourcecode.swift; path = RLRegExTest.swift; sourceTree = "<group>"; };
		D6E088AB1B35EF2000C22885 /* RLMatch.swift */ = {isa = PBXFileReference; fileEncoding = 4; lastKnownFileType = sourcecode.swift; path = RLMatch.swift; sourceTree = "<group>"; };
		D6E088AC1B35EF2000C22885 /* String+extension.swift */ = {isa = PBXFileReference; fileEncoding = 4; lastKnownFileType = sourcecode.swift; path = "String+extension.swift"; sourceTree = "<group>"; };
		D6E088AF1B35F0AA00C22885 /* RLOperator.swift */ = {isa = PBXFileReference; fileEncoding = 4; lastKnownFileType = sourcecode.swift; path = RLOperator.swift; sourceTree = "<group>"; };
/* End PBXFileReference section */

/* Begin PBXFrameworksBuildPhase section */
		D6E088801B357D6500C22885 /* Frameworks */ = {
			isa = PBXFrameworksBuildPhase;
			buildActionMask = 2147483647;
			files = (
			);
			runOnlyForDeploymentPostprocessing = 0;
		};
		D6E088951B357D6500C22885 /* Frameworks */ = {
			isa = PBXFrameworksBuildPhase;
			buildActionMask = 2147483647;
			files = (
			);
			runOnlyForDeploymentPostprocessing = 0;
		};
/* End PBXFrameworksBuildPhase section */

/* Begin PBXGroup section */
		D6E0887A1B357D6500C22885 = {
			isa = PBXGroup;
			children = (
				D6E088851B357D6500C22885 /* RLRegEx */,
				D6E0889B1B357D6500C22885 /* RLRegExTests */,
				D6E088841B357D6500C22885 /* Products */,
			);
			sourceTree = "<group>";
		};
		D6E088841B357D6500C22885 /* Products */ = {
			isa = PBXGroup;
			children = (
				D6E088831B357D6500C22885 /* RLRegEx.app */,
				D6E088981B357D6500C22885 /* RLRegExTests.xctest */,
			);
			name = Products;
			sourceTree = "<group>";
		};
		D6E088851B357D6500C22885 /* RLRegEx */ = {
			isa = PBXGroup;
			children = (
				D6E088AA1B35EEE900C22885 /* Class */,
				D6E088881B357D6500C22885 /* AppDelegate.swift */,
				D6E0888A1B357D6500C22885 /* ViewController.swift */,
				D6E0888C1B357D6500C22885 /* Main.storyboard */,
				D6E0888F1B357D6500C22885 /* Images.xcassets */,
				D6E088911B357D6500C22885 /* LaunchScreen.xib */,
				D6E088861B357D6500C22885 /* Supporting Files */,
			);
			path = RLRegEx;
			sourceTree = "<group>";
		};
		D6E088861B357D6500C22885 /* Supporting Files */ = {
			isa = PBXGroup;
			children = (
				D6E088871B357D6500C22885 /* Info.plist */,
			);
			name = "Supporting Files";
			sourceTree = "<group>";
		};
		D6E0889B1B357D6500C22885 /* RLRegExTests */ = {
			isa = PBXGroup;
			children = (
				D6E0889E1B357D6500C22885 /* RLRegExTests.swift */,
				D6E0889C1B357D6500C22885 /* Supporting Files */,
				D6E088A81B357D9100C22885 /* RLRegExTest.swift */,
			);
			path = RLRegExTests;
			sourceTree = "<group>";
		};
		D6E0889C1B357D6500C22885 /* Supporting Files */ = {
			isa = PBXGroup;
			children = (
				D6E0889D1B357D6500C22885 /* Info.plist */,
			);
			name = "Supporting Files";
			sourceTree = "<group>";
		};
		D6E088AA1B35EEE900C22885 /* Class */ = {
			isa = PBXGroup;
			children = (
				D6E088AB1B35EF2000C22885 /* RLMatch.swift */,
				D6E088AC1B35EF2000C22885 /* String+extension.swift */,
				D6E088AF1B35F0AA00C22885 /* RLOperator.swift */,
				D6682E8A1B3836E500D4231A /* String+RegEx.swift */,
			);
			name = Class;
			sourceTree = "<group>";
		};
/* End PBXGroup section */

/* Begin PBXNativeTarget section */
		D6E088821B357D6500C22885 /* RLRegEx */ = {
			isa = PBXNativeTarget;
			buildConfigurationList = D6E088A21B357D6500C22885 /* Build configuration list for PBXNativeTarget "RLRegEx" */;
			buildPhases = (
				D6E0887F1B357D6500C22885 /* Sources */,
				D6E088801B357D6500C22885 /* Frameworks */,
				D6E088811B357D6500C22885 /* Resources */,
			);
			buildRules = (
			);
			dependencies = (
			);
			name = RLRegEx;
			productName = RLRegEx;
			productReference = D6E088831B357D6500C22885 /* RLRegEx.app */;
			productType = "com.apple.product-type.application";
		};
		D6E088971B357D6500C22885 /* RLRegExTests */ = {
			isa = PBXNativeTarget;
			buildConfigurationList = D6E088A51B357D6500C22885 /* Build configuration list for PBXNativeTarget "RLRegExTests" */;
			buildPhases = (
				D6E088941B357D6500C22885 /* Sources */,
				D6E088951B357D6500C22885 /* Frameworks */,
				D6E088961B357D6500C22885 /* Resources */,
			);
			buildRules = (
			);
			dependencies = (
				D6E0889A1B357D6500C22885 /* PBXTargetDependency */,
			);
			name = RLRegExTests;
			productName = RLRegExTests;
			productReference = D6E088981B357D6500C22885 /* RLRegExTests.xctest */;
			productType = "com.apple.product-type.bundle.unit-test";
		};
/* End PBXNativeTarget section */

/* Begin PBXProject section */
		D6E0887B1B357D6500C22885 /* Project object */ = {
			isa = PBXProject;
			attributes = {
				LastUpgradeCheck = 0630;
				ORGANIZATIONNAME = "Muronaka Hiroaki";
				TargetAttributes = {
					D6E088821B357D6500C22885 = {
						CreatedOnToolsVersion = 6.3.2;
					};
					D6E088971B357D6500C22885 = {
						CreatedOnToolsVersion = 6.3.2;
						TestTargetID = D6E088821B357D6500C22885;
					};
				};
			};
			buildConfigurationList = D6E0887E1B357D6500C22885 /* Build configuration list for PBXProject "RLRegEx" */;
			compatibilityVersion = "Xcode 3.2";
			developmentRegion = English;
			hasScannedForEncodings = 0;
			knownRegions = (
				en,
				Base,
			);
			mainGroup = D6E0887A1B357D6500C22885;
			productRefGroup = D6E088841B357D6500C22885 /* Products */;
			projectDirPath = "";
			projectRoot = "";
			targets = (
				D6E088821B357D6500C22885 /* RLRegEx */,
				D6E088971B357D6500C22885 /* RLRegExTests */,
			);
		};
/* End PBXProject section */

/* Begin PBXResourcesBuildPhase section */
		D6E088811B357D6500C22885 /* Resources */ = {
			isa = PBXResourcesBuildPhase;
			buildActionMask = 2147483647;
			files = (
				D6E0888E1B357D6500C22885 /* Main.storyboard in Resources */,
				D6E088931B357D6500C22885 /* LaunchScreen.xib in Resources */,
				D6E088901B357D6500C22885 /* Images.xcassets in Resources */,
			);
			runOnlyForDeploymentPostprocessing = 0;
		};
		D6E088961B357D6500C22885 /* Resources */ = {
			isa = PBXResourcesBuildPhase;
			buildActionMask = 2147483647;
			files = (
			);
			runOnlyForDeploymentPostprocessing = 0;
		};
/* End PBXResourcesBuildPhase section */

/* Begin PBXSourcesBuildPhase section */
		D6E0887F1B357D6500C22885 /* Sources */ = {
			isa = PBXSourcesBuildPhase;
			buildActionMask = 2147483647;
			files = (
				D6E088B01B35F0AA00C22885 /* RLOperator.swift in Sources */,
				D6E088AE1B35EF2000C22885 /* String+extension.swift in Sources */,
				D6E0888B1B357D6500C22885 /* ViewController.swift in Sources */,
				D6E088891B357D6500C22885 /* AppDelegate.swift in Sources */,
				D6682E8B1B3836E500D4231A /* String+RegEx.swift in Sources */,
				D6E088AD1B35EF2000C22885 /* RLMatch.swift in Sources */,
			);
			runOnlyForDeploymentPostprocessing = 0;
		};
		D6E088941B357D6500C22885 /* Sources */ = {
			isa = PBXSourcesBuildPhase;
			buildActionMask = 2147483647;
			files = (
				D6682E8C1B3843C300D4231A /* RLOperator.swift in Sources */,
				D6E088B21B35F82700C22885 /* String+extension.swift in Sources */,
				D6E088B11B35F82200C22885 /* RLMatch.swift in Sources */,
				D6E0889F1B357D6500C22885 /* RLRegExTests.swift in Sources */,
				D6682E8D1B3843C700D4231A /* String+RegEx.swift in Sources */,
				D6E088A91B357D9100C22885 /* RLRegExTest.swift in Sources */,
			);
			runOnlyForDeploymentPostprocessing = 0;
		};
/* End PBXSourcesBuildPhase section */

/* Begin PBXTargetDependency section */
		D6E0889A1B357D6500C22885 /* PBXTargetDependency */ = {
			isa = PBXTargetDependency;
			target = D6E088821B357D6500C22885 /* RLRegEx */;
			targetProxy = D6E088991B357D6500C22885 /* PBXContainerItemProxy */;
		};
/* End PBXTargetDependency section */

/* Begin PBXVariantGroup section */
		D6E0888C1B357D6500C22885 /* Main.storyboard */ = {
			isa = PBXVariantGroup;
			children = (
				D6E0888D1B357D6500C22885 /* Base */,
			);
			name = Main.storyboard;
			sourceTree = "<group>";
		};
		D6E088911B357D6500C22885 /* LaunchScreen.xib */ = {
			isa = PBXVariantGroup;
			children = (
				D6E088921B357D6500C22885 /* Base */,
			);
			name = LaunchScreen.xib;
			sourceTree = "<group>";
		};
/* End PBXVariantGroup section */

/* Begin XCBuildConfiguration section */
		D6E088A01B357D6500C22885 /* Debug */ = {
			isa = XCBuildConfiguration;
			buildSettings = {
				ALWAYS_SEARCH_USER_PATHS = NO;
				CLANG_CXX_LANGUAGE_STANDARD = "gnu++0x";
				CLANG_CXX_LIBRARY = "libc++";
				CLANG_ENABLE_MODULES = YES;
				CLANG_ENABLE_OBJC_ARC = YES;
				CLANG_WARN_BOOL_CONVERSION = YES;
				CLANG_WARN_CONSTANT_CONVERSION = YES;
				CLANG_WARN_DIRECT_OBJC_ISA_USAGE = YES_ERROR;
				CLANG_WARN_EMPTY_BODY = YES;
				CLANG_WARN_ENUM_CONVERSION = YES;
				CLANG_WARN_INT_CONVERSION = YES;
				CLANG_WARN_OBJC_ROOT_CLASS = YES_ERROR;
				CLANG_WARN_UNREACHABLE_CODE = YES;
				CLANG_WARN__DUPLICATE_METHOD_MATCH = YES;
				"CODE_SIGN_IDENTITY[sdk=iphoneos*]" = "iPhone Developer";
				COPY_PHASE_STRIP = NO;
				DEBUG_INFORMATION_FORMAT = "dwarf-with-dsym";
				ENABLE_STRICT_OBJC_MSGSEND = YES;
				GCC_C_LANGUAGE_STANDARD = gnu99;
				GCC_DYNAMIC_NO_PIC = NO;
				GCC_NO_COMMON_BLOCKS = YES;
				GCC_OPTIMIZATION_LEVEL = 0;
				GCC_PREPROCESSOR_DEFINITIONS = (
					"DEBUG=1",
					"$(inherited)",
				);
				GCC_SYMBOLS_PRIVATE_EXTERN = NO;
				GCC_WARN_64_TO_32_BIT_CONVERSION = YES;
				GCC_WARN_ABOUT_RETURN_TYPE = YES_ERROR;
				GCC_WARN_UNDECLARED_SELECTOR = YES;
				GCC_WARN_UNINITIALIZED_AUTOS = YES_AGGRESSIVE;
				GCC_WARN_UNUSED_FUNCTION = YES;
				GCC_WARN_UNUSED_VARIABLE = YES;
				IPHONEOS_DEPLOYMENT_TARGET = 8.3;
				MTL_ENABLE_DEBUG_INFO = YES;
				ONLY_ACTIVE_ARCH = YES;
				SDKROOT = iphoneos;
				SWIFT_OPTIMIZATION_LEVEL = "-Onone";
				TARGETED_DEVICE_FAMILY = "1,2";
			};
			name = Debug;
		};
		D6E088A11B357D6500C22885 /* Release */ = {
			isa = XCBuildConfiguration;
			buildSettings = {
				ALWAYS_SEARCH_USER_PATHS = NO;
				CLANG_CXX_LANGUAGE_STANDARD = "gnu++0x";
				CLANG_CXX_LIBRARY = "libc++";
				CLANG_ENABLE_MODULES = YES;
				CLANG_ENABLE_OBJC_ARC = YES;
				CLANG_WARN_BOOL_CONVERSION = YES;
				CLANG_WARN_CONSTANT_CONVERSION = YES;
				CLANG_WARN_DIRECT_OBJC_ISA_USAGE = YES_ERROR;
				CLANG_WARN_EMPTY_BODY = YES;
				CLANG_WARN_ENUM_CONVERSION = YES;
				CLANG_WARN_INT_CONVERSION = YES;
				CLANG_WARN_OBJC_ROOT_CLASS = YES_ERROR;
				CLANG_WARN_UNREACHABLE_CODE = YES;
				CLANG_WARN__DUPLICATE_METHOD_MATCH = YES;
				"CODE_SIGN_IDENTITY[sdk=iphoneos*]" = "iPhone Developer";
				COPY_PHASE_STRIP = NO;
				DEBUG_INFORMATION_FORMAT = "dwarf-with-dsym";
				ENABLE_NS_ASSERTIONS = NO;
				ENABLE_STRICT_OBJC_MSGSEND = YES;
				GCC_C_LANGUAGE_STANDARD = gnu99;
				GCC_NO_COMMON_BLOCKS = YES;
				GCC_WARN_64_TO_32_BIT_CONVERSION = YES;
				GCC_WARN_ABOUT_RETURN_TYPE = YES_ERROR;
				GCC_WARN_UNDECLARED_SELECTOR = YES;
				GCC_WARN_UNINITIALIZED_AUTOS = YES_AGGRESSIVE;
				GCC_WARN_UNUSED_FUNCTION = YES;
				GCC_WARN_UNUSED_VARIABLE = YES;
				IPHONEOS_DEPLOYMENT_TARGET = 8.3;
				MTL_ENABLE_DEBUG_INFO = NO;
				SDKROOT = iphoneos;
				TARGETED_DEVICE_FAMILY = "1,2";
				VALIDATE_PRODUCT = YES;
			};
			name = Release;
		};
		D6E088A31B357D6500C22885 /* Debug */ = {
			isa = XCBuildConfiguration;
			buildSettings = {
				ASSETCATALOG_COMPILER_APPICON_NAME = AppIcon;
				INFOPLIST_FILE = RLRegEx/Info.plist;
				LD_RUNPATH_SEARCH_PATHS = "$(inherited) @executable_path/Frameworks";
				PRODUCT_NAME = "$(TARGET_NAME)";
			};
			name = Debug;
		};
		D6E088A41B357D6500C22885 /* Release */ = {
			isa = XCBuildConfiguration;
			buildSettings = {
				ASSETCATALOG_COMPILER_APPICON_NAME = AppIcon;
				INFOPLIST_FILE = RLRegEx/Info.plist;
				LD_RUNPATH_SEARCH_PATHS = "$(inherited) @executable_path/Frameworks";
				PRODUCT_NAME = "$(TARGET_NAME)";
			};
			name = Release;
		};
		D6E088A61B357D6500C22885 /* Debug */ = {
			isa = XCBuildConfiguration;
			buildSettings = {
				BUNDLE_LOADER = "$(TEST_HOST)";
				FRAMEWORK_SEARCH_PATHS = (
					"$(SDKROOT)/Developer/Library/Frameworks",
					"$(inherited)",
				);
				GCC_PREPROCESSOR_DEFINITIONS = (
					"DEBUG=1",
					"$(inherited)",
				);
				INFOPLIST_FILE = RLRegExTests/Info.plist;
				LD_RUNPATH_SEARCH_PATHS = "$(inherited) @executable_path/Frameworks @loader_path/Frameworks";
				PRODUCT_NAME = "$(TARGET_NAME)";
				TEST_HOST = "$(BUILT_PRODUCTS_DIR)/RLRegEx.app/RLRegEx";
			};
			name = Debug;
		};
		D6E088A71B357D6500C22885 /* Release */ = {
			isa = XCBuildConfiguration;
			buildSettings = {
				BUNDLE_LOADER = "$(TEST_HOST)";
				FRAMEWORK_SEARCH_PATHS = (
					"$(SDKROOT)/Developer/Library/Frameworks",
					"$(inherited)",
				);
				INFOPLIST_FILE = RLRegExTests/Info.plist;
				LD_RUNPATH_SEARCH_PATHS = "$(inherited) @executable_path/Frameworks @loader_path/Frameworks";
				PRODUCT_NAME = "$(TARGET_NAME)";
				TEST_HOST = "$(BUILT_PRODUCTS_DIR)/RLRegEx.app/RLRegEx";
			};
			name = Release;
		};
/* End XCBuildConfiguration section */

/* Begin XCConfigurationList section */
		D6E0887E1B357D6500C22885 /* Build configuration list for PBXProject "RLRegEx" */ = {
			isa = XCConfigurationList;
			buildConfigurations = (
				D6E088A01B357D6500C22885 /* Debug */,
				D6E088A11B357D6500C22885 /* Release */,
			);
			defaultConfigurationIsVisible = 0;
			defaultConfigurationName = Release;
		};
		D6E088A21B357D6500C22885 /* Build configuration list for PBXNativeTarget "RLRegEx" */ = {
			isa = XCConfigurationList;
			buildConfigurations = (
				D6E088A31B357D6500C22885 /* Debug */,
				D6E088A41B357D6500C22885 /* Release */,
			);
			defaultConfigurationIsVisible = 0;
			defaultConfigurationName = Release;
		};
		D6E088A51B357D6500C22885 /* Build configuration list for PBXNativeTarget "RLRegExTests" */ = {
			isa = XCConfigurationList;
			buildConfigurations = (
				D6E088A61B357D6500C22885 /* Debug */,
				D6E088A71B357D6500C22885 /* Release */,
			);
			defaultConfigurationIsVisible = 0;
			defaultConfigurationName = Release;
		};
/* End XCConfigurationList section */
	};
	rootObject = D6E0887B1B357D6500C22885 /* Project object */;
}
